
Microsoft Visual Studio Solution File, Format Version 12.00
Project("{FAE04EC0-301F-11D3-BF4B-00C04F79EFBC}") = "WhiteLagoon.Web", "WhiteLagoon.Web\WhiteLagoon.Web.csproj", "{6C8986EB-3C2D-4317-84C9-96C0B856E046}"
EndProject
Project("{FAE04EC0-301F-11D3-BF4B-00C04F79EFBC}") = "WhiteLagoon.Domain", "WhiteLagoon.Domain\WhiteLagoon.Domain.csproj", "{DADED796-F219-4A4F-8F98-77527F310DE0}"
EndProject
Project("{FAE04EC0-301F-11D3-BF4B-00C04F79EFBC}") = "WhiteLagoon.Application", "WhiteLagoon.Application\WhiteLagoon.Application.csproj", "{01D26652-A769-48BB-8AB3-0AB279347437}"
EndProject
Global
	GlobalSection(SolutionConfigurationPlatforms) = preSolution
		Debug|Any CPU = Debug|Any CPU
		Release|Any CPU = Release|Any CPU
	EndGlobalSection
	GlobalSection(ProjectConfigurationPlatforms) = postSolution
		{6C8986EB-3C2D-4317-84C9-96C0B856E046}.Debug|Any CPU.ActiveCfg = Debug|Any CPU
		{6C8986EB-3C2D-4317-84C9-96C0B856E046}.Debug|Any CPU.Build.0 = Debug|Any CPU
		{6C8986EB-3C2D-4317-84C9-96C0B856E046}.Release|Any CPU.ActiveCfg = Release|Any CPU
		{6C8986EB-3C2D-4317-84C9-96C0B856E046}.Release|Any CPU.Build.0 = Release|Any CPU
		{DADED796-F219-4A4F-8F98-77527F310DE0}.Debug|Any CPU.ActiveCfg = Debug|Any CPU
		{DADED796-F219-4A4F-8F98-77527F310DE0}.Debug|Any CPU.Build.0 = Debug|Any CPU
		{DADED796-F219-4A4F-8F98-77527F310DE0}.Release|Any CPU.ActiveCfg = Release|Any CPU
		{DADED796-F219-4A4F-8F98-77527F310DE0}.Release|Any CPU.Build.0 = Release|Any CPU
		{01D26652-A769-48BB-8AB3-0AB279347437}.Debug|Any CPU.ActiveCfg = Debug|Any CPU
		{01D26652-A769-48BB-8AB3-0AB279347437}.Debug|Any CPU.Build.0 = Debug|Any CPU
		{01D26652-A769-48BB-8AB3-0AB279347437}.Release|Any CPU.ActiveCfg = Release|Any CPU
		{01D26652-A769-48BB-8AB3-0AB279347437}.Release|Any CPU.Build.0 = Release|Any CPU
	EndGlobalSection
EndGlobal
